// !$*UTF8*$!
{
	archiveVersion = 1;
	classes = {
	};
	objectVersion = 50;
	objects = {

/* Begin PBXBuildFile section */
		F1ED7B9E25E21E4C00184843 /* AppDelegate.swift in Sources */ = {isa = PBXBuildFile; fileRef = F1ED7B9D25E21E4C00184843 /* AppDelegate.swift */; };
		F1ED7BA025E21E4C00184843 /* SceneDelegate.swift in Sources */ = {isa = PBXBuildFile; fileRef = F1ED7B9F25E21E4C00184843 /* SceneDelegate.swift */; };
		F1ED7BA225E21E4C00184843 /* ViewController.swift in Sources */ = {isa = PBXBuildFile; fileRef = F1ED7BA125E21E4C00184843 /* ViewController.swift */; };
		F1ED7BA725E21E4C00184843 /* Assets.xcassets in Resources */ = {isa = PBXBuildFile; fileRef = F1ED7BA625E21E4C00184843 /* Assets.xcassets */; };
		F1ED7BAA25E21E4C00184843 /* LaunchScreen.storyboard in Resources */ = {isa = PBXBuildFile; fileRef = F1ED7BA825E21E4C00184843 /* LaunchScreen.storyboard */; };
		F1ED7BB825E2452D00184843 /* PrefectureTableViewCell.swift in Sources */ = {isa = PBXBuildFile; fileRef = F1ED7BB625E2452D00184843 /* PrefectureTableViewCell.swift */; };
		F1ED7BB925E2452D00184843 /* PrefectureTableViewCell.xib in Resources */ = {isa = PBXBuildFile; fileRef = F1ED7BB725E2452D00184843 /* PrefectureTableViewCell.xib */; };
		F1ED7BBD25E245A700184843 /* Main.storyboard in Resources */ = {isa = PBXBuildFile; fileRef = F1ED7BBC25E245A700184843 /* Main.storyboard */; };
/* End PBXBuildFile section */

/* Begin PBXFileReference section */
		F1ED7B9A25E21E4C00184843 /* ChallengeTask10.app */ = {isa = PBXFileReference; explicitFileType = wrapper.application; includeInIndex = 0; path = ChallengeTask10.app; sourceTree = BUILT_PRODUCTS_DIR; };
		F1ED7B9D25E21E4C00184843 /* AppDelegate.swift */ = {isa = PBXFileReference; lastKnownFileType = sourcecode.swift; path = AppDelegate.swift; sourceTree = "<group>"; };
		F1ED7B9F25E21E4C00184843 /* SceneDelegate.swift */ = {isa = PBXFileReference; lastKnownFileType = sourcecode.swift; path = SceneDelegate.swift; sourceTree = "<group>"; };
		F1ED7BA125E21E4C00184843 /* ViewController.swift */ = {isa = PBXFileReference; lastKnownFileType = sourcecode.swift; path = ViewController.swift; sourceTree = "<group>"; };
		F1ED7BA625E21E4C00184843 /* Assets.xcassets */ = {isa = PBXFileReference; lastKnownFileType = folder.assetcatalog; path = Assets.xcassets; sourceTree = "<group>"; };
		F1ED7BA925E21E4C00184843 /* Base */ = {isa = PBXFileReference; lastKnownFileType = file.storyboard; name = Base; path = Base.lproj/LaunchScreen.storyboard; sourceTree = "<group>"; };
		F1ED7BAB25E21E4C00184843 /* Info.plist */ = {isa = PBXFileReference; lastKnownFileType = text.plist.xml; path = Info.plist; sourceTree = "<group>"; };
		F1ED7BB625E2452D00184843 /* PrefectureTableViewCell.swift */ = {isa = PBXFileReference; lastKnownFileType = sourcecode.swift; path = PrefectureTableViewCell.swift; sourceTree = "<group>"; };
		F1ED7BB725E2452D00184843 /* PrefectureTableViewCell.xib */ = {isa = PBXFileReference; lastKnownFileType = file.xib; path = PrefectureTableViewCell.xib; sourceTree = "<group>"; };
		F1ED7BBC25E245A700184843 /* Main.storyboard */ = {isa = PBXFileReference; lastKnownFileType = file.storyboard; path = Main.storyboard; sourceTree = "<group>"; };
/* End PBXFileReference section */

/* Begin PBXFrameworksBuildPhase section */
		F1ED7B9725E21E4C00184843 /* Frameworks */ = {
			isa = PBXFrameworksBuildPhase;
			buildActionMask = 2147483647;
			files = (
			);
			runOnlyForDeploymentPostprocessing = 0;
		};
/* End PBXFrameworksBuildPhase section */

/* Begin PBXGroup section */
		F1ED7B9125E21E4C00184843 = {
			isa = PBXGroup;
			children = (
				F1ED7B9C25E21E4C00184843 /* ChallengeTask10 */,
				F1ED7B9B25E21E4C00184843 /* Products */,
			);
			sourceTree = "<group>";
		};
		F1ED7B9B25E21E4C00184843 /* Products */ = {
			isa = PBXGroup;
			children = (
				F1ED7B9A25E21E4C00184843 /* ChallengeTask10.app */,
			);
			name = Products;
			sourceTree = "<group>";
		};
		F1ED7B9C25E21E4C00184843 /* ChallengeTask10 */ = {
			isa = PBXGroup;
			children = (
				F1ED7B9D25E21E4C00184843 /* AppDelegate.swift */,
				F1ED7B9F25E21E4C00184843 /* SceneDelegate.swift */,
				F1ED7BA125E21E4C00184843 /* ViewController.swift */,
				F1ED7BB625E2452D00184843 /* PrefectureTableViewCell.swift */,
				F1ED7BB725E2452D00184843 /* PrefectureTableViewCell.xib */,
				F1ED7BA625E21E4C00184843 /* Assets.xcassets */,
				F1ED7BA825E21E4C00184843 /* LaunchScreen.storyboard */,
				F1ED7BBC25E245A700184843 /* Main.storyboard */,
				F1ED7BAB25E21E4C00184843 /* Info.plist */,
			);
			path = ChallengeTask10;
			sourceTree = "<group>";
		};
/* End PBXGroup section */

/* Begin PBXNativeTarget section */
		F1ED7B9925E21E4C00184843 /* ChallengeTask10 */ = {
			isa = PBXNativeTarget;
			buildConfigurationList = F1ED7BAE25E21E4C00184843 /* Build configuration list for PBXNativeTarget "ChallengeTask10" */;
			buildPhases = (
				F1ED7B9625E21E4C00184843 /* Sources */,
				F1ED7B9725E21E4C00184843 /* Frameworks */,
				F1ED7B9825E21E4C00184843 /* Resources */,
				F1ED7BB325E236B700184843 /* ShellScript */,
			);
			buildRules = (
			);
			dependencies = (
			);
			name = ChallengeTask10;
			productName = ChallengeTask10;
			productReference = F1ED7B9A25E21E4C00184843 /* ChallengeTask10.app */;
			productType = "com.apple.product-type.application";
		};
/* End PBXNativeTarget section */

/* Begin PBXProject section */
		F1ED7B9225E21E4C00184843 /* Project object */ = {
			isa = PBXProject;
			attributes = {
				LastSwiftUpdateCheck = 1240;
				LastUpgradeCheck = 1240;
				TargetAttributes = {
					F1ED7B9925E21E4C00184843 = {
						CreatedOnToolsVersion = 12.4;
					};
				};
			};
			buildConfigurationList = F1ED7B9525E21E4C00184843 /* Build configuration list for PBXProject "ChallengeTask10" */;
			compatibilityVersion = "Xcode 9.3";
			developmentRegion = en;
			hasScannedForEncodings = 0;
			knownRegions = (
				en,
				Base,
			);
			mainGroup = F1ED7B9125E21E4C00184843;
			productRefGroup = F1ED7B9B25E21E4C00184843 /* Products */;
			projectDirPath = "";
			projectRoot = "";
			targets = (
				F1ED7B9925E21E4C00184843 /* ChallengeTask10 */,
			);
		};
/* End PBXProject section */

/* Begin PBXResourcesBuildPhase section */
		F1ED7B9825E21E4C00184843 /* Resources */ = {
			isa = PBXResourcesBuildPhase;
			buildActionMask = 2147483647;
			files = (
				F1ED7BB925E2452D00184843 /* PrefectureTableViewCell.xib in Resources */,
				F1ED7BAA25E21E4C00184843 /* LaunchScreen.storyboard in Resources */,
				F1ED7BBD25E245A700184843 /* Main.storyboard in Resources */,
				F1ED7BA725E21E4C00184843 /* Assets.xcassets in Resources */,
			);
			runOnlyForDeploymentPostprocessing = 0;
		};
/* End PBXResourcesBuildPhase section */

/* Begin PBXShellScriptBuildPhase section */
		F1ED7BB325E236B700184843 /* ShellScript */ = {
			isa = PBXShellScriptBuildPhase;
			buildActionMask = 2147483647;
			files = (
			);
			inputFileListPaths = (
			);
			inputPaths = (
			);
			outputFileListPaths = (
			);
			outputPaths = (
			);
			runOnlyForDeploymentPostprocessing = 0;
			shellPath = /bin/sh;
			shellScript = "
";
		};
/* End PBXShellScriptBuildPhase section */

/* Begin PBXSourcesBuildPhase section */
		F1ED7B9625E21E4C00184843 /* Sources */ = {
			isa = PBXSourcesBuildPhase;
			buildActionMask = 2147483647;
			files = (
				F1ED7BB825E2452D00184843 /* PrefectureTableViewCell.swift in Sources */,
				F1ED7BA225E21E4C00184843 /* ViewController.swift in Sources */,
				F1ED7B9E25E21E4C00184843 /* AppDelegate.swift in Sources */,
				F1ED7BA025E21E4C00184843 /* SceneDelegate.swift in Sources */,
			);
			runOnlyForDeploymentPostprocessing = 0;
		};
/* End PBXSourcesBuildPhase section */

/* Begin PBXVariantGroup section */
		F1ED7BA825E21E4C00184843 /* LaunchScreen.storyboard */ = {
			isa = PBXVariantGroup;
			children = (
				F1ED7BA925E21E4C00184843 /* Base */,
			);
			name = LaunchScreen.storyboard;
			sourceTree = "<group>";
		};
/* End PBXVariantGroup section */

/* Begin XCBuildConfiguration section */
		F1ED7BAC25E21E4C00184843 /* Debug */ = {
			isa = XCBuildConfiguration;
			buildSettings = {
				ALWAYS_SEARCH_USER_PATHS = NO;
				CLANG_ANALYZER_NONNULL = YES;
				CLANG_ANALYZER_NUMBER_OBJECT_CONVERSION = YES_AGGRESSIVE;
				CLANG_CXX_LANGUAGE_STANDARD = "gnu++14";
				CLANG_CXX_LIBRARY = "libc++";
				CLANG_ENABLE_MODULES = YES;
				CLANG_ENABLE_OBJC_ARC = YES;
				CLANG_ENABLE_OBJC_WEAK = YES;
				CLANG_WARN_BLOCK_CAPTURE_AUTORELEASING = YES;
				CLANG_WARN_BOOL_CONVERSION = YES;
				CLANG_WARN_COMMA = YES;
				CLANG_WARN_CONSTANT_CONVERSION = YES;
				CLANG_WARN_DEPRECATED_OBJC_IMPLEMENTATIONS = YES;
				CLANG_WARN_DIRECT_OBJC_ISA_USAGE = YES_ERROR;
				CLANG_WARN_DOCUMENTATION_COMMENTS = YES;
				CLANG_WARN_EMPTY_BODY = YES;
				CLANG_WARN_ENUM_CONVERSION = YES;
				CLANG_WARN_INFINITE_RECURSION = YES;
				CLANG_WARN_INT_CONVERSION = YES;
				CLANG_WARN_NON_LITERAL_NULL_CONVERSION = YES;
				CLANG_WARN_OBJC_IMPLICIT_RETAIN_SELF = YES;
				CLANG_WARN_OBJC_LITERAL_CONVERSION = YES;
				CLANG_WARN_OBJC_ROOT_CLASS = YES_ERROR;
				CLANG_WARN_QUOTED_INCLUDE_IN_FRAMEWORK_HEADER = YES;
				CLANG_WARN_RANGE_LOOP_ANALYSIS = YES;
				CLANG_WARN_STRICT_PROTOTYPES = YES;
				CLANG_WARN_SUSPICIOUS_MOVE = YES;
				CLANG_WARN_UNGUARDED_AVAILABILITY = YES_AGGRESSIVE;
				CLANG_WARN_UNREACHABLE_CODE = YES;
				CLANG_WARN__DUPLICATE_METHOD_MATCH = YES;
				COPY_PHASE_STRIP = NO;
				DEBUG_INFORMATION_FORMAT = dwarf;
				ENABLE_STRICT_OBJC_MSGSEND = YES;
				ENABLE_TESTABILITY = YES;
				GCC_C_LANGUAGE_STANDARD = gnu11;
				GCC_DYNAMIC_NO_PIC = NO;
				GCC_NO_COMMON_BLOCKS = YES;
				GCC_OPTIMIZATION_LEVEL = 0;
				GCC_PREPROCESSOR_DEFINITIONS = (
					"DEBUG=1",
					"$(inherited)",
				);
				GCC_WARN_64_TO_32_BIT_CONVERSION = YES;
				GCC_WARN_ABOUT_RETURN_TYPE = YES_ERROR;
				GCC_WARN_UNDECLARED_SELECTOR = YES;
				GCC_WARN_UNINITIALIZED_AUTOS = YES_AGGRESSIVE;
				GCC_WARN_UNUSED_FUNCTION = YES;
				GCC_WARN_UNUSED_VARIABLE = YES;
				IPHONEOS_DEPLOYMENT_TARGET = 14.4;
				MTL_ENABLE_DEBUG_INFO = INCLUDE_SOURCE;
				MTL_FAST_MATH = YES;
				ONLY_ACTIVE_ARCH = YES;
				SDKROOT = iphoneos;
				SWIFT_ACTIVE_COMPILATION_CONDITIONS = DEBUG;
				SWIFT_OPTIMIZATION_LEVEL = "-Onone";
			};
			name = Debug;
		};
		F1ED7BAD25E21E4C00184843 /* Release */ = {
			isa = XCBuildConfiguration;
			buildSettings = {
				ALWAYS_SEARCH_USER_PATHS = NO;
				CLANG_ANALYZER_NONNULL = YES;
				CLANG_ANALYZER_NUMBER_OBJECT_CONVERSION = YES_AGGRESSIVE;
				CLANG_CXX_LANGUAGE_STANDARD = "gnu++14";
				CLANG_CXX_LIBRARY = "libc++";
				CLANG_ENABLE_MODULES = YES;
				CLANG_ENABLE_OBJC_ARC = YES;
				CLANG_ENABLE_OBJC_WEAK = YES;
				CLANG_WARN_BLOCK_CAPTURE_AUTORELEASING = YES;
				CLANG_WARN_BOOL_CONVERSION = YES;
				CLANG_WARN_COMMA = YES;
				CLANG_WARN_CONSTANT_CONVERSION = YES;
				CLANG_WARN_DEPRECATED_OBJC_IMPLEMENTATIONS = YES;
				CLANG_WARN_DIRECT_OBJC_ISA_USAGE = YES_ERROR;
				CLANG_WARN_DOCUMENTATION_COMMENTS = YES;
				CLANG_WARN_EMPTY_BODY = YES;
				CLANG_WARN_ENUM_CONVERSION = YES;
				CLANG_WARN_INFINITE_RECURSION = YES;
				CLANG_WARN_INT_CONVERSION = YES;
				CLANG_WARN_NON_LITERAL_NULL_CONVERSION = YES;
				CLANG_WARN_OBJC_IMPLICIT_RETAIN_SELF = YES;
				CLANG_WARN_OBJC_LITERAL_CONVERSION = YES;
				CLANG_WARN_OBJC_ROOT_CLASS = YES_ERROR;
				CLANG_WARN_QUOTED_INCLUDE_IN_FRAMEWORK_HEADER = YES;
				CLANG_WARN_RANGE_LOOP_ANALYSIS = YES;
				CLANG_WARN_STRICT_PROTOTYPES = YES;
				CLANG_WARN_SUSPICIOUS_MOVE = YES;
				CLANG_WARN_UNGUARDED_AVAILABILITY = YES_AGGRESSIVE;
				CLANG_WARN_UNREACHABLE_CODE = YES;
				CLANG_WARN__DUPLICATE_METHOD_MATCH = YES;
				COPY_PHASE_STRIP = NO;
				DEBUG_INFORMATION_FORMAT = "dwarf-with-dsym";
				ENABLE_NS_ASSERTIONS = NO;
				ENABLE_STRICT_OBJC_MSGSEND = YES;
				GCC_C_LANGUAGE_STANDARD = gnu11;
				GCC_NO_COMMON_BLOCKS = YES;
				GCC_WARN_64_TO_32_BIT_CONVERSION = YES;
				GCC_WARN_ABOUT_RETURN_TYPE = YES_ERROR;
				GCC_WARN_UNDECLARED_SELECTOR = YES;
				GCC_WARN_UNINITIALIZED_AUTOS = YES_AGGRESSIVE;
				GCC_WARN_UNUSED_FUNCTION = YES;
				GCC_WARN_UNUSED_VARIABLE = YES;
				IPHONEOS_DEPLOYMENT_TARGET = 14.4;
				MTL_ENABLE_DEBUG_INFO = NO;
				MTL_FAST_MATH = YES;
				SDKROOT = iphoneos;
				SWIFT_COMPILATION_MODE = wholemodule;
				SWIFT_OPTIMIZATION_LEVEL = "-O";
				VALIDATE_PRODUCT = YES;
			};
			name = Release;
		};
		F1ED7BAF25E21E4C00184843 /* Debug */ = {
			isa = XCBuildConfiguration;
			buildSettings = {
				ASSETCATALOG_COMPILER_APPICON_NAME = AppIcon;
				ASSETCATALOG_COMPILER_GLOBAL_ACCENT_COLOR_NAME = AccentColor;
				CODE_SIGN_STYLE = Automatic;
				INFOPLIST_FILE = ChallengeTask10/Info.plist;
				LD_RUNPATH_SEARCH_PATHS = (
					"$(inherited)",
					"@executable_path/Frameworks",
				);
				PRODUCT_BUNDLE_IDENTIFIER = net.matsushima.ChallengeTask10;
				PRODUCT_NAME = "$(TARGET_NAME)";
				SWIFT_VERSION = 5.0;
				TARGETED_DEVICE_FAMILY = "1,2";
			};
			name = Debug;
		};
		F1ED7BB025E21E4C00184843 /* Release */ = {
			isa = XCBuildConfiguration;
			buildSettings = {
				ASSETCATALOG_COMPILER_APPICON_NAME = AppIcon;
				ASSETCATALOG_COMPILER_GLOBAL_ACCENT_COLOR_NAME = AccentColor;
				CODE_SIGN_STYLE = Automatic;
				INFOPLIST_FILE = ChallengeTask10/Info.plist;
				LD_RUNPATH_SEARCH_PATHS = (
					"$(inherited)",
					"@executable_path/Frameworks",
				);
				PRODUCT_BUNDLE_IDENTIFIER = net.matsushima.ChallengeTask10;
				PRODUCT_NAME = "$(TARGET_NAME)";
				SWIFT_VERSION = 5.0;
				TARGETED_DEVICE_FAMILY = "1,2";
			};
			name = Release;
		};
/* End XCBuildConfiguration section */

/* Begin XCConfigurationList section */
		F1ED7B9525E21E4C00184843 /* Build configuration list for PBXProject "ChallengeTask10" */ = {
			isa = XCConfigurationList;
			buildConfigurations = (
				F1ED7BAC25E21E4C00184843 /* Debug */,
				F1ED7BAD25E21E4C00184843 /* Release */,
			);
			defaultConfigurationIsVisible = 0;
			defaultConfigurationName = Release;
		};
		F1ED7BAE25E21E4C00184843 /* Build configuration list for PBXNativeTarget "ChallengeTask10" */ = {
			isa = XCConfigurationList;
			buildConfigurations = (
				F1ED7BAF25E21E4C00184843 /* Debug */,
				F1ED7BB025E21E4C00184843 /* Release */,
			);
			defaultConfigurationIsVisible = 0;
			defaultConfigurationName = Release;
		};
/* End XCConfigurationList section */
	};
	rootObject = F1ED7B9225E21E4C00184843 /* Project object */;
}
